// !$*UTF8*$!
{
	archiveVersion = 1;
	classes = {
	};
	objectVersion = 50;
	objects = {

/* Begin PBXBuildFile section */
		836C641C25B0E6D6009AFFCE /* AppDelegate.swift in Sources */ = {isa = PBXBuildFile; fileRef = 836C641B25B0E6D6009AFFCE /* AppDelegate.swift */; };
		836C641E25B0E6D6009AFFCE /* SceneDelegate.swift in Sources */ = {isa = PBXBuildFile; fileRef = 836C641D25B0E6D6009AFFCE /* SceneDelegate.swift */; };
		836C642025B0E6D6009AFFCE /* ViewController.swift in Sources */ = {isa = PBXBuildFile; fileRef = 836C641F25B0E6D6009AFFCE /* ViewController.swift */; };
		836C642325B0E6D6009AFFCE /* Main.storyboard in Resources */ = {isa = PBXBuildFile; fileRef = 836C642125B0E6D6009AFFCE /* Main.storyboard */; };
		836C642525B0E6D8009AFFCE /* Assets.xcassets in Resources */ = {isa = PBXBuildFile; fileRef = 836C642425B0E6D8009AFFCE /* Assets.xcassets */; };
		836C642825B0E6D8009AFFCE /* LaunchScreen.storyboard in Resources */ = {isa = PBXBuildFile; fileRef = 836C642625B0E6D8009AFFCE /* LaunchScreen.storyboard */; };
		836C643325B0E6D9009AFFCE /* Weather_AppTests.swift in Sources */ = {isa = PBXBuildFile; fileRef = 836C643225B0E6D9009AFFCE /* Weather_AppTests.swift */; };
		836C643E25B0E6D9009AFFCE /* Weather_AppUITests.swift in Sources */ = {isa = PBXBuildFile; fileRef = 836C643D25B0E6D9009AFFCE /* Weather_AppUITests.swift */; };
/* End PBXBuildFile section */

/* Begin PBXContainerItemProxy section */
		836C642F25B0E6D9009AFFCE /* PBXContainerItemProxy */ = {
			isa = PBXContainerItemProxy;
			containerPortal = 836C641025B0E6D6009AFFCE /* Project object */;
			proxyType = 1;
			remoteGlobalIDString = 836C641725B0E6D6009AFFCE;
			remoteInfo = "Weather App";
		};
		836C643A25B0E6D9009AFFCE /* PBXContainerItemProxy */ = {
			isa = PBXContainerItemProxy;
			containerPortal = 836C641025B0E6D6009AFFCE /* Project object */;
			proxyType = 1;
			remoteGlobalIDString = 836C641725B0E6D6009AFFCE;
			remoteInfo = "Weather App";
		};
/* End PBXContainerItemProxy section */

/* Begin PBXFileReference section */
		836C641825B0E6D6009AFFCE /* Weather App.app */ = {isa = PBXFileReference; explicitFileType = wrapper.application; includeInIndex = 0; path = "Weather App.app"; sourceTree = BUILT_PRODUCTS_DIR; };
		836C641B25B0E6D6009AFFCE /* AppDelegate.swift */ = {isa = PBXFileReference; lastKnownFileType = sourcecode.swift; path = AppDelegate.swift; sourceTree = "<group>"; };
		836C641D25B0E6D6009AFFCE /* SceneDelegate.swift */ = {isa = PBXFileReference; lastKnownFileType = sourcecode.swift; path = SceneDelegate.swift; sourceTree = "<group>"; };
		836C641F25B0E6D6009AFFCE /* ViewController.swift */ = {isa = PBXFileReference; lastKnownFileType = sourcecode.swift; path = ViewController.swift; sourceTree = "<group>"; };
		836C642225B0E6D6009AFFCE /* Base */ = {isa = PBXFileReference; lastKnownFileType = file.storyboard; name = Base; path = Base.lproj/Main.storyboard; sourceTree = "<group>"; };
		836C642425B0E6D8009AFFCE /* Assets.xcassets */ = {isa = PBXFileReference; lastKnownFileType = folder.assetcatalog; path = Assets.xcassets; sourceTree = "<group>"; };
		836C642725B0E6D8009AFFCE /* Base */ = {isa = PBXFileReference; lastKnownFileType = file.storyboard; name = Base; path = Base.lproj/LaunchScreen.storyboard; sourceTree = "<group>"; };
		836C642925B0E6D8009AFFCE /* Info.plist */ = {isa = PBXFileReference; lastKnownFileType = text.plist.xml; path = Info.plist; sourceTree = "<group>"; };
		836C642E25B0E6D9009AFFCE /* Weather AppTests.xctest */ = {isa = PBXFileReference; explicitFileType = wrapper.cfbundle; includeInIndex = 0; path = "Weather AppTests.xctest"; sourceTree = BUILT_PRODUCTS_DIR; };
		836C643225B0E6D9009AFFCE /* Weather_AppTests.swift */ = {isa = PBXFileReference; lastKnownFileType = sourcecode.swift; path = Weather_AppTests.swift; sourceTree = "<group>"; };
		836C643425B0E6D9009AFFCE /* Info.plist */ = {isa = PBXFileReference; lastKnownFileType = text.plist.xml; path = Info.plist; sourceTree = "<group>"; };
		836C643925B0E6D9009AFFCE /* Weather AppUITests.xctest */ = {isa = PBXFileReference; explicitFileType = wrapper.cfbundle; includeInIndex = 0; path = "Weather AppUITests.xctest"; sourceTree = BUILT_PRODUCTS_DIR; };
		836C643D25B0E6D9009AFFCE /* Weather_AppUITests.swift */ = {isa = PBXFileReference; lastKnownFileType = sourcecode.swift; path = Weather_AppUITests.swift; sourceTree = "<group>"; };
		836C643F25B0E6D9009AFFCE /* Info.plist */ = {isa = PBXFileReference; lastKnownFileType = text.plist.xml; path = Info.plist; sourceTree = "<group>"; };
/* End PBXFileReference section */

/* Begin PBXFrameworksBuildPhase section */
		836C641525B0E6D6009AFFCE /* Frameworks */ = {
			isa = PBXFrameworksBuildPhase;
			buildActionMask = 2147483647;
			files = (
			);
			runOnlyForDeploymentPostprocessing = 0;
		};
		836C642B25B0E6D9009AFFCE /* Frameworks */ = {
			isa = PBXFrameworksBuildPhase;
			buildActionMask = 2147483647;
			files = (
			);
			runOnlyForDeploymentPostprocessing = 0;
		};
		836C643625B0E6D9009AFFCE /* Frameworks */ = {
			isa = PBXFrameworksBuildPhase;
			buildActionMask = 2147483647;
			files = (
			);
			runOnlyForDeploymentPostprocessing = 0;
		};
/* End PBXFrameworksBuildPhase section */

/* Begin PBXGroup section */
		836C640F25B0E6D6009AFFCE = {
			isa = PBXGroup;
			children = (
				836C641A25B0E6D6009AFFCE /* Weather App */,
				836C643125B0E6D9009AFFCE /* Weather AppTests */,
				836C643C25B0E6D9009AFFCE /* Weather AppUITests */,
				836C641925B0E6D6009AFFCE /* Products */,
			);
			sourceTree = "<group>";
		};
		836C641925B0E6D6009AFFCE /* Products */ = {
			isa = PBXGroup;
			children = (
				836C641825B0E6D6009AFFCE /* Weather App.app */,
				836C642E25B0E6D9009AFFCE /* Weather AppTests.xctest */,
				836C643925B0E6D9009AFFCE /* Weather AppUITests.xctest */,
			);
			name = Products;
			sourceTree = "<group>";
		};
		836C641A25B0E6D6009AFFCE /* Weather App */ = {
			isa = PBXGroup;
			children = (
				836C641B25B0E6D6009AFFCE /* AppDelegate.swift */,
				836C641D25B0E6D6009AFFCE /* SceneDelegate.swift */,
				836C641F25B0E6D6009AFFCE /* ViewController.swift */,
				836C642125B0E6D6009AFFCE /* Main.storyboard */,
				836C642425B0E6D8009AFFCE /* Assets.xcassets */,
				836C642625B0E6D8009AFFCE /* LaunchScreen.storyboard */,
				836C642925B0E6D8009AFFCE /* Info.plist */,
			);
			path = "Weather App";
			sourceTree = "<group>";
		};
		836C643125B0E6D9009AFFCE /* Weather AppTests */ = {
			isa = PBXGroup;
			children = (
				836C643225B0E6D9009AFFCE /* Weather_AppTests.swift */,
				836C643425B0E6D9009AFFCE /* Info.plist */,
			);
			path = "Weather AppTests";
			sourceTree = "<group>";
		};
		836C643C25B0E6D9009AFFCE /* Weather AppUITests */ = {
			isa = PBXGroup;
			children = (
				836C643D25B0E6D9009AFFCE /* Weather_AppUITests.swift */,
				836C643F25B0E6D9009AFFCE /* Info.plist */,
			);
			path = "Weather AppUITests";
			sourceTree = "<group>";
		};
/* End PBXGroup section */

/* Begin PBXNativeTarget section */
		836C641725B0E6D6009AFFCE /* Weather App */ = {
			isa = PBXNativeTarget;
			buildConfigurationList = 836C644225B0E6D9009AFFCE /* Build configuration list for PBXNativeTarget "Weather App" */;
			buildPhases = (
				836C641425B0E6D6009AFFCE /* Sources */,
				836C641525B0E6D6009AFFCE /* Frameworks */,
				836C641625B0E6D6009AFFCE /* Resources */,
			);
			buildRules = (
			);
			dependencies = (
			);
			name = "Weather App";
			productName = "Weather App";
			productReference = 836C641825B0E6D6009AFFCE /* Weather App.app */;
			productType = "com.apple.product-type.application";
		};
		836C642D25B0E6D9009AFFCE /* Weather AppTests */ = {
			isa = PBXNativeTarget;
			buildConfigurationList = 836C644525B0E6D9009AFFCE /* Build configuration list for PBXNativeTarget "Weather AppTests" */;
			buildPhases = (
				836C642A25B0E6D9009AFFCE /* Sources */,
				836C642B25B0E6D9009AFFCE /* Frameworks */,
				836C642C25B0E6D9009AFFCE /* Resources */,
			);
			buildRules = (
			);
			dependencies = (
				836C643025B0E6D9009AFFCE /* PBXTargetDependency */,
			);
			name = "Weather AppTests";
			productName = "Weather AppTests";
			productReference = 836C642E25B0E6D9009AFFCE /* Weather AppTests.xctest */;
			productType = "com.apple.product-type.bundle.unit-test";
		};
		836C643825B0E6D9009AFFCE /* Weather AppUITests */ = {
			isa = PBXNativeTarget;
			buildConfigurationList = 836C644825B0E6D9009AFFCE /* Build configuration list for PBXNativeTarget "Weather AppUITests" */;
			buildPhases = (
				836C643525B0E6D9009AFFCE /* Sources */,
				836C643625B0E6D9009AFFCE /* Frameworks */,
				836C643725B0E6D9009AFFCE /* Resources */,
			);
			buildRules = (
			);
			dependencies = (
				836C643B25B0E6D9009AFFCE /* PBXTargetDependency */,
			);
			name = "Weather AppUITests";
			productName = "Weather AppUITests";
			productReference = 836C643925B0E6D9009AFFCE /* Weather AppUITests.xctest */;
			productType = "com.apple.product-type.bundle.ui-testing";
		};
/* End PBXNativeTarget section */

/* Begin PBXProject section */
		836C641025B0E6D6009AFFCE /* Project object */ = {
			isa = PBXProject;
			attributes = {
				LastSwiftUpdateCheck = 1230;
				LastUpgradeCheck = 1230;
				TargetAttributes = {
					836C641725B0E6D6009AFFCE = {
						CreatedOnToolsVersion = 12.3;
					};
					836C642D25B0E6D9009AFFCE = {
						CreatedOnToolsVersion = 12.3;
						TestTargetID = 836C641725B0E6D6009AFFCE;
					};
					836C643825B0E6D9009AFFCE = {
						CreatedOnToolsVersion = 12.3;
						TestTargetID = 836C641725B0E6D6009AFFCE;
					};
				};
			};
			buildConfigurationList = 836C641325B0E6D6009AFFCE /* Build configuration list for PBXProject "Weather App" */;
			compatibilityVersion = "Xcode 9.3";
			developmentRegion = en;
			hasScannedForEncodings = 0;
			knownRegions = (
				en,
				Base,
			);
			mainGroup = 836C640F25B0E6D6009AFFCE;
			productRefGroup = 836C641925B0E6D6009AFFCE /* Products */;
			projectDirPath = "";
			projectRoot = "";
			targets = (
				836C641725B0E6D6009AFFCE /* Weather App */,
				836C642D25B0E6D9009AFFCE /* Weather AppTests */,
				836C643825B0E6D9009AFFCE /* Weather AppUITests */,
			);
		};
/* End PBXProject section */

/* Begin PBXResourcesBuildPhase section */
		836C641625B0E6D6009AFFCE /* Resources */ = {
			isa = PBXResourcesBuildPhase;
			buildActionMask = 2147483647;
			files = (
				836C642825B0E6D8009AFFCE /* LaunchScreen.storyboard in Resources */,
				836C642525B0E6D8009AFFCE /* Assets.xcassets in Resources */,
				836C642325B0E6D6009AFFCE /* Main.storyboard in Resources */,
			);
			runOnlyForDeploymentPostprocessing = 0;
		};
		836C642C25B0E6D9009AFFCE /* Resources */ = {
			isa = PBXResourcesBuildPhase;
			buildActionMask = 2147483647;
			files = (
			);
			runOnlyForDeploymentPostprocessing = 0;
		};
		836C643725B0E6D9009AFFCE /* Resources */ = {
			isa = PBXResourcesBuildPhase;
			buildActionMask = 2147483647;
			files = (
			);
			runOnlyForDeploymentPostprocessing = 0;
		};
/* End PBXResourcesBuildPhase section */

/* Begin PBXSourcesBuildPhase section */
		836C641425B0E6D6009AFFCE /* Sources */ = {
			isa = PBXSourcesBuildPhase;
			buildActionMask = 2147483647;
			files = (
				836C642025B0E6D6009AFFCE /* ViewController.swift in Sources */,
				836C641C25B0E6D6009AFFCE /* AppDelegate.swift in Sources */,
				836C641E25B0E6D6009AFFCE /* SceneDelegate.swift in Sources */,
			);
			runOnlyForDeploymentPostprocessing = 0;
		};
		836C642A25B0E6D9009AFFCE /* Sources */ = {
			isa = PBXSourcesBuildPhase;
			buildActionMask = 2147483647;
			files = (
				836C643325B0E6D9009AFFCE /* Weather_AppTests.swift in Sources */,
			);
			runOnlyForDeploymentPostprocessing = 0;
		};
		836C643525B0E6D9009AFFCE /* Sources */ = {
			isa = PBXSourcesBuildPhase;
			buildActionMask = 2147483647;
			files = (
				836C643E25B0E6D9009AFFCE /* Weather_AppUITests.swift in Sources */,
			);
			runOnlyForDeploymentPostprocessing = 0;
		};
/* End PBXSourcesBuildPhase section */

/* Begin PBXTargetDependency section */
		836C643025B0E6D9009AFFCE /* PBXTargetDependency */ = {
			isa = PBXTargetDependency;
			target = 836C641725B0E6D6009AFFCE /* Weather App */;
			targetProxy = 836C642F25B0E6D9009AFFCE /* PBXContainerItemProxy */;
		};
		836C643B25B0E6D9009AFFCE /* PBXTargetDependency */ = {
			isa = PBXTargetDependency;
			target = 836C641725B0E6D6009AFFCE /* Weather App */;
			targetProxy = 836C643A25B0E6D9009AFFCE /* PBXContainerItemProxy */;
		};
/* End PBXTargetDependency section */

/* Begin PBXVariantGroup section */
		836C642125B0E6D6009AFFCE /* Main.storyboard */ = {
			isa = PBXVariantGroup;
			children = (
				836C642225B0E6D6009AFFCE /* Base */,
			);
			name = Main.storyboard;
			sourceTree = "<group>";
		};
		836C642625B0E6D8009AFFCE /* LaunchScreen.storyboard */ = {
			isa = PBXVariantGroup;
			children = (
				836C642725B0E6D8009AFFCE /* Base */,
			);
			name = LaunchScreen.storyboard;
			sourceTree = "<group>";
		};
/* End PBXVariantGroup section */

/* Begin XCBuildConfiguration section */
		836C644025B0E6D9009AFFCE /* Debug */ = {
			isa = XCBuildConfiguration;
			buildSettings = {
				ALWAYS_SEARCH_USER_PATHS = NO;
				CLANG_ANALYZER_NONNULL = YES;
				CLANG_ANALYZER_NUMBER_OBJECT_CONVERSION = YES_AGGRESSIVE;
				CLANG_CXX_LANGUAGE_STANDARD = "gnu++14";
				CLANG_CXX_LIBRARY = "libc++";
				CLANG_ENABLE_MODULES = YES;
				CLANG_ENABLE_OBJC_ARC = YES;
				CLANG_ENABLE_OBJC_WEAK = YES;
				CLANG_WARN_BLOCK_CAPTURE_AUTORELEASING = YES;
				CLANG_WARN_BOOL_CONVERSION = YES;
				CLANG_WARN_COMMA = YES;
				CLANG_WARN_CONSTANT_CONVERSION = YES;
				CLANG_WARN_DEPRECATED_OBJC_IMPLEMENTATIONS = YES;
				CLANG_WARN_DIRECT_OBJC_ISA_USAGE = YES_ERROR;
				CLANG_WARN_DOCUMENTATION_COMMENTS = YES;
				CLANG_WARN_EMPTY_BODY = YES;
				CLANG_WARN_ENUM_CONVERSION = YES;
				CLANG_WARN_INFINITE_RECURSION = YES;
				CLANG_WARN_INT_CONVERSION = YES;
				CLANG_WARN_NON_LITERAL_NULL_CONVERSION = YES;
				CLANG_WARN_OBJC_IMPLICIT_RETAIN_SELF = YES;
				CLANG_WARN_OBJC_LITERAL_CONVERSION = YES;
				CLANG_WARN_OBJC_ROOT_CLASS = YES_ERROR;
				CLANG_WARN_QUOTED_INCLUDE_IN_FRAMEWORK_HEADER = YES;
				CLANG_WARN_RANGE_LOOP_ANALYSIS = YES;
				CLANG_WARN_STRICT_PROTOTYPES = YES;
				CLANG_WARN_SUSPICIOUS_MOVE = YES;
				CLANG_WARN_UNGUARDED_AVAILABILITY = YES_AGGRESSIVE;
				CLANG_WARN_UNREACHABLE_CODE = YES;
				CLANG_WARN__DUPLICATE_METHOD_MATCH = YES;
				COPY_PHASE_STRIP = NO;
				DEBUG_INFORMATION_FORMAT = dwarf;
				ENABLE_STRICT_OBJC_MSGSEND = YES;
				ENABLE_TESTABILITY = YES;
				GCC_C_LANGUAGE_STANDARD = gnu11;
				GCC_DYNAMIC_NO_PIC = NO;
				GCC_NO_COMMON_BLOCKS = YES;
				GCC_OPTIMIZATION_LEVEL = 0;
				GCC_PREPROCESSOR_DEFINITIONS = (
					"DEBUG=1",
					"$(inherited)",
				);
				GCC_WARN_64_TO_32_BIT_CONVERSION = YES;
				GCC_WARN_ABOUT_RETURN_TYPE = YES_ERROR;
				GCC_WARN_UNDECLARED_SELECTOR = YES;
				GCC_WARN_UNINITIALIZED_AUTOS = YES_AGGRESSIVE;
				GCC_WARN_UNUSED_FUNCTION = YES;
				GCC_WARN_UNUSED_VARIABLE = YES;
				IPHONEOS_DEPLOYMENT_TARGET = 14.3;
				MTL_ENABLE_DEBUG_INFO = INCLUDE_SOURCE;
				MTL_FAST_MATH = YES;
				ONLY_ACTIVE_ARCH = YES;
				SDKROOT = iphoneos;
				SWIFT_ACTIVE_COMPILATION_CONDITIONS = DEBUG;
				SWIFT_OPTIMIZATION_LEVEL = "-Onone";
			};
			name = Debug;
		};
		836C644125B0E6D9009AFFCE /* Release */ = {
			isa = XCBuildConfiguration;
			buildSettings = {
				ALWAYS_SEARCH_USER_PATHS = NO;
				CLANG_ANALYZER_NONNULL = YES;
				CLANG_ANALYZER_NUMBER_OBJECT_CONVERSION = YES_AGGRESSIVE;
				CLANG_CXX_LANGUAGE_STANDARD = "gnu++14";
				CLANG_CXX_LIBRARY = "libc++";
				CLANG_ENABLE_MODULES = YES;
				CLANG_ENABLE_OBJC_ARC = YES;
				CLANG_ENABLE_OBJC_WEAK = YES;
				CLANG_WARN_BLOCK_CAPTURE_AUTORELEASING = YES;
				CLANG_WARN_BOOL_CONVERSION = YES;
				CLANG_WARN_COMMA = YES;
				CLANG_WARN_CONSTANT_CONVERSION = YES;
				CLANG_WARN_DEPRECATED_OBJC_IMPLEMENTATIONS = YES;
				CLANG_WARN_DIRECT_OBJC_ISA_USAGE = YES_ERROR;
				CLANG_WARN_DOCUMENTATION_COMMENTS = YES;
				CLANG_WARN_EMPTY_BODY = YES;
				CLANG_WARN_ENUM_CONVERSION = YES;
				CLANG_WARN_INFINITE_RECURSION = YES;
				CLANG_WARN_INT_CONVERSION = YES;
				CLANG_WARN_NON_LITERAL_NULL_CONVERSION = YES;
				CLANG_WARN_OBJC_IMPLICIT_RETAIN_SELF = YES;
				CLANG_WARN_OBJC_LITERAL_CONVERSION = YES;
				CLANG_WARN_OBJC_ROOT_CLASS = YES_ERROR;
				CLANG_WARN_QUOTED_INCLUDE_IN_FRAMEWORK_HEADER = YES;
				CLANG_WARN_RANGE_LOOP_ANALYSIS = YES;
				CLANG_WARN_STRICT_PROTOTYPES = YES;
				CLANG_WARN_SUSPICIOUS_MOVE = YES;
				CLANG_WARN_UNGUARDED_AVAILABILITY = YES_AGGRESSIVE;
				CLANG_WARN_UNREACHABLE_CODE = YES;
				CLANG_WARN__DUPLICATE_METHOD_MATCH = YES;
				COPY_PHASE_STRIP = NO;
				DEBUG_INFORMATION_FORMAT = "dwarf-with-dsym";
				ENABLE_NS_ASSERTIONS = NO;
				ENABLE_STRICT_OBJC_MSGSEND = YES;
				GCC_C_LANGUAGE_STANDARD = gnu11;
				GCC_NO_COMMON_BLOCKS = YES;
				GCC_WARN_64_TO_32_BIT_CONVERSION = YES;
				GCC_WARN_ABOUT_RETURN_TYPE = YES_ERROR;
				GCC_WARN_UNDECLARED_SELECTOR = YES;
				GCC_WARN_UNINITIALIZED_AUTOS = YES_AGGRESSIVE;
				GCC_WARN_UNUSED_FUNCTION = YES;
				GCC_WARN_UNUSED_VARIABLE = YES;
				IPHONEOS_DEPLOYMENT_TARGET = 14.3;
				MTL_ENABLE_DEBUG_INFO = NO;
				MTL_FAST_MATH = YES;
				SDKROOT = iphoneos;
				SWIFT_COMPILATION_MODE = wholemodule;
				SWIFT_OPTIMIZATION_LEVEL = "-O";
				VALIDATE_PRODUCT = YES;
			};
			name = Release;
		};
		836C644325B0E6D9009AFFCE /* Debug */ = {
			isa = XCBuildConfiguration;
			buildSettings = {
				ASSETCATALOG_COMPILER_APPICON_NAME = AppIcon;
				ASSETCATALOG_COMPILER_GLOBAL_ACCENT_COLOR_NAME = AccentColor;
				CODE_SIGN_STYLE = Automatic;
				INFOPLIST_FILE = "Weather App/Info.plist";
				LD_RUNPATH_SEARCH_PATHS = (
					"$(inherited)",
					"@executable_path/Frameworks",
				);
				PRODUCT_BUNDLE_IDENTIFIER = "Andrew-Schaus.Weather-App";
				PRODUCT_NAME = "$(TARGET_NAME)";
				SWIFT_VERSION = 5.0;
				TARGETED_DEVICE_FAMILY = "1,2";
			};
			name = Debug;
		};
		836C644425B0E6D9009AFFCE /* Release */ = {
			isa = XCBuildConfiguration;
			buildSettings = {
				ASSETCATALOG_COMPILER_APPICON_NAME = AppIcon;
				ASSETCATALOG_COMPILER_GLOBAL_ACCENT_COLOR_NAME = AccentColor;
				CODE_SIGN_STYLE = Automatic;
				INFOPLIST_FILE = "Weather App/Info.plist";
				LD_RUNPATH_SEARCH_PATHS = (
					"$(inherited)",
					"@executable_path/Frameworks",
				);
				PRODUCT_BUNDLE_IDENTIFIER = "Andrew-Schaus.Weather-App";
				PRODUCT_NAME = "$(TARGET_NAME)";
				SWIFT_VERSION = 5.0;
				TARGETED_DEVICE_FAMILY = "1,2";
			};
			name = Release;
		};
		836C644625B0E6D9009AFFCE /* Debug */ = {
			isa = XCBuildConfiguration;
			buildSettings = {
				ALWAYS_EMBED_SWIFT_STANDARD_LIBRARIES = YES;
				BUNDLE_LOADER = "$(TEST_HOST)";
				CODE_SIGN_STYLE = Automatic;
				INFOPLIST_FILE = "Weather AppTests/Info.plist";
				IPHONEOS_DEPLOYMENT_TARGET = 14.3;
				LD_RUNPATH_SEARCH_PATHS = (
					"$(inherited)",
					"@executable_path/Frameworks",
					"@loader_path/Frameworks",
				);
				PRODUCT_BUNDLE_IDENTIFIER = "Andrew-Schaus.Weather-AppTests";
				PRODUCT_NAME = "$(TARGET_NAME)";
				SWIFT_VERSION = 5.0;
				TARGETED_DEVICE_FAMILY = "1,2";
				TEST_HOST = "$(BUILT_PRODUCTS_DIR)/Weather App.app/Weather App";
			};
			name = Debug;
		};
		836C644725B0E6D9009AFFCE /* Release */ = {
			isa = XCBuildConfiguration;
			buildSettings = {
				ALWAYS_EMBED_SWIFT_STANDARD_LIBRARIES = YES;
				BUNDLE_LOADER = "$(TEST_HOST)";
				CODE_SIGN_STYLE = Automatic;
				INFOPLIST_FILE = "Weather AppTests/Info.plist";
				IPHONEOS_DEPLOYMENT_TARGET = 14.3;
				LD_RUNPATH_SEARCH_PATHS = (
					"$(inherited)",
					"@executable_path/Frameworks",
					"@loader_path/Frameworks",
				);
				PRODUCT_BUNDLE_IDENTIFIER = "Andrew-Schaus.Weather-AppTests";
				PRODUCT_NAME = "$(TARGET_NAME)";
				SWIFT_VERSION = 5.0;
				TARGETED_DEVICE_FAMILY = "1,2";
				TEST_HOST = "$(BUILT_PRODUCTS_DIR)/Weather App.app/Weather App";
			};
			name = Release;
		};
		836C644925B0E6D9009AFFCE /* Debug */ = {
			isa = XCBuildConfiguration;
			buildSettings = {
				ALWAYS_EMBED_SWIFT_STANDARD_LIBRARIES = YES;
				CODE_SIGN_STYLE = Automatic;
				INFOPLIST_FILE = "Weather AppUITests/Info.plist";
				LD_RUNPATH_SEARCH_PATHS = (
					"$(inherited)",
					"@executable_path/Frameworks",
					"@loader_path/Frameworks",
				);
				PRODUCT_BUNDLE_IDENTIFIER = "Andrew-Schaus.Weather-AppUITests";
				PRODUCT_NAME = "$(TARGET_NAME)";
				SWIFT_VERSION = 5.0;
				TARGETED_DEVICE_FAMILY = "1,2";
				TEST_TARGET_NAME = "Weather App";
			};
			name = Debug;
		};
		836C644A25B0E6D9009AFFCE /* Release */ = {
			isa = XCBuildConfiguration;
			buildSettings = {
				ALWAYS_EMBED_SWIFT_STANDARD_LIBRARIES = YES;
				CODE_SIGN_STYLE = Automatic;
				INFOPLIST_FILE = "Weather AppUITests/Info.plist";
				LD_RUNPATH_SEARCH_PATHS = (
					"$(inherited)",
					"@executable_path/Frameworks",
					"@loader_path/Frameworks",
				);
				PRODUCT_BUNDLE_IDENTIFIER = "Andrew-Schaus.Weather-AppUITests";
				PRODUCT_NAME = "$(TARGET_NAME)";
				SWIFT_VERSION = 5.0;
				TARGETED_DEVICE_FAMILY = "1,2";
				TEST_TARGET_NAME = "Weather App";
			};
			name = Release;
		};
/* End XCBuildConfiguration section */

/* Begin XCConfigurationList section */
		836C641325B0E6D6009AFFCE /* Build configuration list for PBXProject "Weather App" */ = {
			isa = XCConfigurationList;
			buildConfigurations = (
				836C644025B0E6D9009AFFCE /* Debug */,
				836C644125B0E6D9009AFFCE /* Release */,
			);
			defaultConfigurationIsVisible = 0;
			defaultConfigurationName = Release;
		};
		836C644225B0E6D9009AFFCE /* Build configuration list for PBXNativeTarget "Weather App" */ = {
			isa = XCConfigurationList;
			buildConfigurations = (
				836C644325B0E6D9009AFFCE /* Debug */,
				836C644425B0E6D9009AFFCE /* Release */,
			);
			defaultConfigurationIsVisible = 0;
			defaultConfigurationName = Release;
		};
		836C644525B0E6D9009AFFCE /* Build configuration list for PBXNativeTarget "Weather AppTests" */ = {
			isa = XCConfigurationList;
			buildConfigurations = (
				836C644625B0E6D9009AFFCE /* Debug */,
				836C644725B0E6D9009AFFCE /* Release */,
			);
			defaultConfigurationIsVisible = 0;
			defaultConfigurationName = Release;
		};
		836C644825B0E6D9009AFFCE /* Build configuration list for PBXNativeTarget "Weather AppUITests" */ = {
			isa = XCConfigurationList;
			buildConfigurations = (
				836C644925B0E6D9009AFFCE /* Debug */,
				836C644A25B0E6D9009AFFCE /* Release */,
			);
			defaultConfigurationIsVisible = 0;
			defaultConfigurationName = Release;
		};
/* End XCConfigurationList section */
	};
	rootObject = 836C641025B0E6D6009AFFCE /* Project object */;
}
